{
  "name": "matplotlib-js",
  "version": "0.0.1",
  "lockfileVersion": 1,
  "requires": true,
  "dependencies": {
    "chroma-js": {
      "version": "2.0.4",
      "resolved": "https://registry.npmjs.org/chroma-js/-/chroma-js-2.0.4.tgz",
      "integrity": "sha512-gk71qOrSdBTLbsd0DIUO3QjZL8tTvMwpG1EoXYScy7rI4rcO4EyYH6zGuvCgUDumKumqg0pt6Ua+vWnMJsTYhw=="
    }
  }
}
